{
  "name": "twister-react",
  "version": "1.0.0",
  "dependencies": {
    "classnames": {
      "version": "2.2.3",
      "from": "classnames@*",
      "resolved": "https://registry.npmjs.org/classnames/-/classnames-2.2.3.tgz"
    },
    "react": {
      "version": "0.14.6",
      "from": "react@*",
      "resolved": "https://registry.npmjs.org/react/-/react-0.14.6.tgz",
      "dependencies": {
        "envify": {
          "version": "3.4.0",
          "from": "envify@^3.0.0",
          "resolved": "https://registry.npmjs.org/envify/-/envify-3.4.0.tgz",
          "dependencies": {
            "through": {
              "version": "2.3.8",
              "from": "through@~2.3.4"
            },
            "jstransform": {
              "version": "10.1.0",
              "from": "jstransform@^10.0.1",
              "dependencies": {
                "base62": {
                  "version": "0.1.1",
                  "from": "base62@0.1.1"
                },
                "esprima-fb": {
                  "version": "13001.1001.0-dev-harmony-fb",
                  "from": "esprima-fb@13001.1001.0-dev-harmony-fb"
                },
                "source-map": {
                  "version": "0.1.31",
                  "from": "source-map@0.1.31",
                  "dependencies": {
                    "amdefine": {
                      "version": "1.0.0",
                      "from": "amdefine@>=0.0.4"
                    }
                  }
                }
              }
            }
          }
        },
        "fbjs": {
          "version": "0.6.1",
          "from": "fbjs@^0.6.1",
          "resolved": "https://registry.npmjs.org/fbjs/-/fbjs-0.6.1.tgz",
          "dependencies": {
            "core-js": {
              "version": "1.2.6",
              "from": "core-js@^1.0.0",
              "resolved": "https://registry.npmjs.org/core-js/-/core-js-1.2.6.tgz"
            },
            "loose-envify": {
              "version": "1.1.0",
              "from": "loose-envify@^1.0.0",
              "resolved": "https://registry.npmjs.org/loose-envify/-/loose-envify-1.1.0.tgz",
              "dependencies": {
                "js-tokens": {
                  "version": "1.0.2",
                  "from": "js-tokens@^1.0.1",
                  "resolved": "https://registry.npmjs.org/js-tokens/-/js-tokens-1.0.2.tgz"
                }
              }
            },
            "promise": {
              "version": "7.1.1",
              "from": "promise@^7.0.3",
              "resolved": "https://registry.npmjs.org/promise/-/promise-7.1.1.tgz",
              "dependencies": {
                "asap": {
                  "version": "2.0.3",
                  "from": "asap@~2.0.3",
                  "resolved": "https://registry.npmjs.org/asap/-/asap-2.0.3.tgz"
                }
              }
            },
            "ua-parser-js": {
              "version": "0.7.10",
              "from": "ua-parser-js@^0.7.9",
              "resolved": "https://registry.npmjs.org/ua-parser-js/-/ua-parser-js-0.7.10.tgz"
            },
            "whatwg-fetch": {
              "version": "0.9.0",
              "from": "whatwg-fetch@^0.9.0",
              "resolved": "https://registry.npmjs.org/whatwg-fetch/-/whatwg-fetch-0.9.0.tgz"
            }
          }
        }
      }
    },
    "react-addons-css-transition-group": {
      "version": "0.14.6",
      "from": "react-addons-css-transition-group@*",
      "resolved": "https://registry.npmjs.org/react-addons-css-transition-group/-/react-addons-css-transition-group-0.14.6.tgz"
    },
    "react-bootstrap": {
      "version": "0.28.2",
      "from": "react-bootstrap@*",
      "resolved": "https://registry.npmjs.org/react-bootstrap/-/react-bootstrap-0.28.2.tgz",
      "dependencies": {
        "babel-runtime": {
          "version": "5.8.35",
          "from": "babel-runtime@^5.8.25",
          "resolved": "https://registry.npmjs.org/babel-runtime/-/babel-runtime-5.8.35.tgz",
          "dependencies": {
            "core-js": {
              "version": "1.2.6",
              "from": "core-js@^1.0.0",
              "resolved": "https://registry.npmjs.org/core-js/-/core-js-1.2.6.tgz"
            }
          }
        },
        "dom-helpers": {
          "version": "2.4.0",
          "from": "dom-helpers@^2.4.0",
          "resolved": "https://registry.npmjs.org/dom-helpers/-/dom-helpers-2.4.0.tgz"
        },
        "invariant": {
          "version": "2.2.0",
          "from": "invariant@^2.1.2",
          "resolved": "https://registry.npmjs.org/invariant/-/invariant-2.2.0.tgz",
          "dependencies": {
            "loose-envify": {
              "version": "1.1.0",
              "from": "loose-envify@^1.0.0",
              "resolved": "https://registry.npmjs.org/loose-envify/-/loose-envify-1.1.0.tgz",
              "dependencies": {
                "js-tokens": {
                  "version": "1.0.2",
                  "from": "js-tokens@^1.0.1",
                  "resolved": "https://registry.npmjs.org/js-tokens/-/js-tokens-1.0.2.tgz"
                }
              }
            }
          }
        },
        "keycode": {
          "version": "2.1.0",
          "from": "keycode@^2.1.0",
          "resolved": "https://registry.npmjs.org/keycode/-/keycode-2.1.0.tgz"
        },
        "lodash-compat": {
          "version": "3.10.1",
          "from": "lodash-compat@^3.10.1",
          "resolved": "https://registry.npmjs.org/lodash-compat/-/lodash-compat-3.10.1.tgz"
        },
        "react-overlays": {
          "version": "0.5.4",
          "from": "react-overlays@^0.5.2",
          "resolved": "https://registry.npmjs.org/react-overlays/-/react-overlays-0.5.4.tgz",
          "dependencies": {
            "react-prop-types": {
              "version": "0.2.2",
              "from": "react-prop-types@^0.2.1",
              "resolved": "https://registry.npmjs.org/react-prop-types/-/react-prop-types-0.2.2.tgz"
            }
          }
        },
        "react-prop-types": {
          "version": "0.3.0",
          "from": "react-prop-types@^0.3.0",
          "resolved": "https://registry.npmjs.org/react-prop-types/-/react-prop-types-0.3.0.tgz"
        },
        "uncontrollable": {
          "version": "3.2.1",
          "from": "uncontrollable@^3.1.3",
          "resolved": "https://registry.npmjs.org/uncontrollable/-/uncontrollable-3.2.1.tgz"
        },
        "warning": {
          "version": "2.1.0",
          "from": "warning@^2.1.0",
          "resolved": "https://registry.npmjs.org/warning/-/warning-2.1.0.tgz",
          "dependencies": {
            "loose-envify": {
              "version": "1.1.0",
              "from": "loose-envify@^1.0.0",
              "resolved": "https://registry.npmjs.org/loose-envify/-/loose-envify-1.1.0.tgz",
              "dependencies": {
                "js-tokens": {
                  "version": "1.0.2",
                  "from": "js-tokens@^1.0.1",
                  "resolved": "https://registry.npmjs.org/js-tokens/-/js-tokens-1.0.2.tgz"
                }
              }
            }
          }
        }
      }
    },
    "react-dom": {
      "version": "0.14.6",
      "from": "react-dom@*",
      "resolved": "https://registry.npmjs.org/react-dom/-/react-dom-0.14.6.tgz"
    },
    "react-router": {
      "version": "2.8.1",
      "from": "react-router@2.8.1",
      "resolved": "https://registry.npmjs.org/react-router/-/react-router-2.8.1.tgz",
      "dependencies": {
        "history": {
          "version": "2.1.2",
          "from": "history@>=2.1.2 <3.0.0",
          "resolved": "https://registry.npmjs.org/history/-/history-2.1.2.tgz",
          "dependencies": {
            "deep-equal": {
              "version": "1.0.1",
              "from": "deep-equal@>=1.0.0 <2.0.0",
              "resolved": "https://registry.npmjs.org/deep-equal/-/deep-equal-1.0.1.tgz"
            },
            "query-string": {
              "version": "3.0.3",
              "from": "query-string@>=3.0.0 <4.0.0",
              "resolved": "https://registry.npmjs.org/query-string/-/query-string-3.0.3.tgz",
              "dependencies": {
                "strict-uri-encode": {
                  "version": "1.1.0",
                  "from": "strict-uri-encode@>=1.0.0 <2.0.0",
                  "resolved": "https://registry.npmjs.org/strict-uri-encode/-/strict-uri-encode-1.1.0.tgz"
                }
              }
            },
            "warning": {
              "version": "2.1.0",
              "from": "warning@>=2.0.0 <3.0.0",
              "resolved": "https://registry.npmjs.org/warning/-/warning-2.1.0.tgz"
            }
          }
        },
        "hoist-non-react-statics": {
          "version": "1.2.0",
          "from": "hoist-non-react-statics@>=1.2.0 <2.0.0",
          "resolved": "https://registry.npmjs.org/hoist-non-react-statics/-/hoist-non-react-statics-1.2.0.tgz"
        },
        "invariant": {
          "version": "2.2.2",
          "from": "invariant@>=2.2.1 <3.0.0",
          "resolved": "https://registry.npmjs.org/invariant/-/invariant-2.2.2.tgz"
        },
        "warning": {
          "version": "3.0.0",
          "from": "warning@>=3.0.0 <4.0.0",
          "resolved": "https://registry.npmjs.org/warning/-/warning-3.0.0.tgz"
        },
        "loose-envify": {
          "version": "1.3.1",
          "from": "loose-envify@>=1.2.0 <2.0.0",
          "resolved": "https://registry.npmjs.org/loose-envify/-/loose-envify-1.3.1.tgz",
          "dependencies": {
            "js-tokens": {
              "version": "3.0.1",
              "from": "js-tokens@>=3.0.0 <4.0.0",
              "resolved": "https://registry.npmjs.org/js-tokens/-/js-tokens-3.0.1.tgz"
            }
          }
        }
      }
    },
    "react-router-bootstrap": {
      "version": "0.20.1",
      "from": "react-router-bootstrap@*",
      "resolved": "https://registry.npmjs.org/react-router-bootstrap/-/react-router-bootstrap-0.20.1.tgz"
    },
    "react-wysiwyg": {
      "version": "2.2.1",
      "from": "react-wysiwyg@*",
      "resolved": "https://registry.npmjs.org/react-wysiwyg/-/react-wysiwyg-2.2.1.tgz",
      "dependencies": {
        "escape-html": {
          "version": "1.0.3",
          "from": "escape-html@^1.0.2",
          "resolved": "https://registry.npmjs.org/escape-html/-/escape-html-1.0.3.tgz"
        },
        "selection-range": {
          "version": "1.1.0",
          "from": "selection-range@^1.0.1",
          "resolved": "https://registry.npmjs.org/selection-range/-/selection-range-1.1.0.tgz",
          "dependencies": {
            "dom-iterator": {
              "version": "0.3.0",
              "from": "dom-iterator@0.3.0",
              "resolved": "https://registry.npmjs.org/dom-iterator/-/dom-iterator-0.3.0.tgz",
              "dependencies": {
                "component-xor": {
                  "version": "0.0.3",
                  "from": "component-xor@0.0.3",
                  "resolved": "https://registry.npmjs.org/component-xor/-/component-xor-0.0.3.tgz"
                },
                "component-props": {
                  "version": "1.1.1",
                  "from": "component-props@1.1.1",
                  "resolved": "https://registry.npmjs.org/component-props/-/component-props-1.1.1.tgz"
                }
              }
            }
          }
        }
      }
    }
  }
}
